
Microsoft Visual Studio Solution File, Format Version 12.00
# Visual Studio 2012
Project("{FAE04EC0-301F-11D3-BF4B-00C04F79EFBC}") = "OpenORM.NET.UI", "OpenORM.NET.UI.csproj", "{CFB3F40D-1312-4819-A95D-2B1AAFCFADE9}"
EndProject
Project("{FAE04EC0-301F-11D3-BF4B-00C04F79EFBC}") = "PluginBuilder", "..\PluginBuilder\PluginBuilder.csproj", "{E7D15B24-6EDA-44BE-B52F-208826EB4839}"
EndProject
Global
	GlobalSection(TeamFoundationVersionControl) = preSolution
		SccNumberOfProjects = 3
		SccEnterpriseProvider = {4CA58AB2-18FA-4F8D-95D4-32DDF27D184C}
		SccTeamFoundationServer = https://tfs.codeplex.com/tfs/tfs40
		SccLocalPath0 = .
		SccProjectUniqueName1 = OpenORM.NET.UI.csproj
		SccLocalPath1 = .
		SccProjectUniqueName2 = ..\\PluginBuilder\\PluginBuilder.csproj
		SccProjectName2 = ../PluginBuilder
		SccLocalPath2 = ..\\PluginBuilder
	EndGlobalSection
	GlobalSection(SolutionConfigurationPlatforms) = preSolution
		Debug|Any CPU = Debug|Any CPU
		Release|Any CPU = Release|Any CPU
	EndGlobalSection
	GlobalSection(ProjectConfigurationPlatforms) = postSolution
		{CFB3F40D-1312-4819-A95D-2B1AAFCFADE9}.Debug|Any CPU.ActiveCfg = Debug|Any CPU
		{CFB3F40D-1312-4819-A95D-2B1AAFCFADE9}.Debug|Any CPU.Build.0 = Debug|Any CPU
		{CFB3F40D-1312-4819-A95D-2B1AAFCFADE9}.Release|Any CPU.ActiveCfg = Release|Any CPU
		{CFB3F40D-1312-4819-A95D-2B1AAFCFADE9}.Release|Any CPU.Build.0 = Release|Any CPU
		{E7D15B24-6EDA-44BE-B52F-208826EB4839}.Debug|Any CPU.ActiveCfg = Debug|Any CPU
		{E7D15B24-6EDA-44BE-B52F-208826EB4839}.Debug|Any CPU.Build.0 = Debug|Any CPU
		{E7D15B24-6EDA-44BE-B52F-208826EB4839}.Release|Any CPU.ActiveCfg = Release|Any CPU
		{E7D15B24-6EDA-44BE-B52F-208826EB4839}.Release|Any CPU.Build.0 = Release|Any CPU
	EndGlobalSection
	GlobalSection(SolutionProperties) = preSolution
		HideSolutionNode = FALSE
	EndGlobalSection
EndGlobal
